
Microsoft Visual Studio Solution File, Format Version 12.00
# Visual Studio 14
VisualStudioVersion = 14.0.23107.0
MinimumVisualStudioVersion = 10.0.40219.1
Project("{F2A71F9B-5D33-465A-A702-920D77279786}") = "Kakuro.Core", "Kakuro.Core\Kakuro.Core.fsproj", "{E1F3C6FF-6458-49D3-BE95-DAFAFBBBA091}"
EndProject
Project("{F2A71F9B-5D33-465A-A702-920D77279786}") = "Kakuro.Core.Tests", "Kakuro.Core.Tests\Kakuro.Core.Tests.fsproj", "{D5C0F3F1-21FA-46C1-98D2-B1C2489B3E36}"
EndProject
Project("{F2A71F9B-5D33-465A-A702-920D77279786}") = "Kakuro.Libs", "Kakuro.Libs\Kakuro.Libs.fsproj", "{6469CCCA-5807-4271-996E-B10012EDA6E4}"
EndProject
Project("{FAE04EC0-301F-11D3-BF4B-00C04F79EFBC}") = "Kakuro.Core.Specs", "Kakuro.Core.Specs\Kakuro.Core.Specs.csproj", "{EACBB0CD-1EB2-4958-85CE-7744F12E4A7C}"
EndProject
Global
	GlobalSection(SolutionConfigurationPlatforms) = preSolution
		Debug|Any CPU = Debug|Any CPU
		Release|Any CPU = Release|Any CPU
	EndGlobalSection
	GlobalSection(ProjectConfigurationPlatforms) = postSolution
		{E1F3C6FF-6458-49D3-BE95-DAFAFBBBA091}.Debug|Any CPU.ActiveCfg = Debug|Any CPU
		{E1F3C6FF-6458-49D3-BE95-DAFAFBBBA091}.Debug|Any CPU.Build.0 = Debug|Any CPU
		{E1F3C6FF-6458-49D3-BE95-DAFAFBBBA091}.Release|Any CPU.ActiveCfg = Release|Any CPU
		{E1F3C6FF-6458-49D3-BE95-DAFAFBBBA091}.Release|Any CPU.Build.0 = Release|Any CPU
		{D5C0F3F1-21FA-46C1-98D2-B1C2489B3E36}.Debug|Any CPU.ActiveCfg = Debug|Any CPU
		{D5C0F3F1-21FA-46C1-98D2-B1C2489B3E36}.Debug|Any CPU.Build.0 = Debug|Any CPU
		{D5C0F3F1-21FA-46C1-98D2-B1C2489B3E36}.Release|Any CPU.ActiveCfg = Release|Any CPU
		{D5C0F3F1-21FA-46C1-98D2-B1C2489B3E36}.Release|Any CPU.Build.0 = Release|Any CPU
		{6469CCCA-5807-4271-996E-B10012EDA6E4}.Debug|Any CPU.ActiveCfg = Debug|Any CPU
		{6469CCCA-5807-4271-996E-B10012EDA6E4}.Debug|Any CPU.Build.0 = Debug|Any CPU
		{6469CCCA-5807-4271-996E-B10012EDA6E4}.Release|Any CPU.ActiveCfg = Release|Any CPU
		{6469CCCA-5807-4271-996E-B10012EDA6E4}.Release|Any CPU.Build.0 = Release|Any CPU
		{EACBB0CD-1EB2-4958-85CE-7744F12E4A7C}.Debug|Any CPU.ActiveCfg = Debug|Any CPU
		{EACBB0CD-1EB2-4958-85CE-7744F12E4A7C}.Debug|Any CPU.Build.0 = Debug|Any CPU
		{EACBB0CD-1EB2-4958-85CE-7744F12E4A7C}.Release|Any CPU.ActiveCfg = Release|Any CPU
		{EACBB0CD-1EB2-4958-85CE-7744F12E4A7C}.Release|Any CPU.Build.0 = Release|Any CPU
	EndGlobalSection
	GlobalSection(SolutionProperties) = preSolution
		HideSolutionNode = FALSE
	EndGlobalSection
EndGlobal
